
Microsoft Visual Studio Solution File, Format Version 12.00
Project("{FAE04EC0-301F-11D3-BF4B-00C04F79EFBC}") = "DanbooruImageDownloader", "DanbooruImageDownloader\DanbooruImageDownloader.csproj", "{93CAE012-645C-4979-AC45-D6426E8CE059}"
EndProject
Global
	GlobalSection(SolutionConfigurationPlatforms) = preSolution
		Debug|Any CPU = Debug|Any CPU
		Release|Any CPU = Release|Any CPU
	EndGlobalSection
	GlobalSection(ProjectConfigurationPlatforms) = postSolution
		{93CAE012-645C-4979-AC45-D6426E8CE059}.Debug|Any CPU.ActiveCfg = Debug|Any CPU
		{93CAE012-645C-4979-AC45-D6426E8CE059}.Debug|Any CPU.Build.0 = Debug|Any CPU
		{93CAE012-645C-4979-AC45-D6426E8CE059}.Release|Any CPU.ActiveCfg = Release|Any CPU
		{93CAE012-645C-4979-AC45-D6426E8CE059}.Release|Any CPU.Build.0 = Release|Any CPU
	EndGlobalSection
EndGlobal
